
Microsoft Visual Studio Solution File, Format Version 12.00
# Visual Studio 2013
VisualStudioVersion = 12.0.30501.0
MinimumVisualStudioVersion = 10.0.40219.1
Project("{E24C65DC-7377-472B-9ABA-BC803B73C61A}") = "Website(1)", "http://localhost:50330", "{FA414F07-3774-4C12-B00D-9945A0B5ED5C}"
	ProjectSection(WebsiteProperties) = preProject
		UseIISExpress = "true"
		TargetFrameworkMoniker = ".NETFramework,Version%3Dv4.5"
		Debug.AspNetCompiler.VirtualPath = "/localhost_50330"
		Debug.AspNetCompiler.PhysicalPath = "Website\"
		Debug.AspNetCompiler.TargetPath = "PrecompiledWeb\localhost_50330\"
		Debug.AspNetCompiler.Updateable = "true"
		Debug.AspNetCompiler.ForceOverwrite = "true"
		Debug.AspNetCompiler.FixedNames = "false"
		Debug.AspNetCompiler.Debug = "True"
		Release.AspNetCompiler.VirtualPath = "/localhost_50330"
		Release.AspNetCompiler.PhysicalPath = "Website\"
		Release.AspNetCompiler.TargetPath = "PrecompiledWeb\localhost_50330\"
		Release.AspNetCompiler.Updateable = "true"
		Release.AspNetCompiler.ForceOverwrite = "true"
		Release.AspNetCompiler.FixedNames = "false"
		Release.AspNetCompiler.Debug = "False"
		SlnRelativePath = "Website\"
		DefaultWebSiteLanguage = "Visual C#"
	EndProjectSection
EndProject
Project("{FAE04EC0-301F-11D3-BF4B-00C04F79EFBC}") = "eRestaurant", "eRestaurant\eRestaurant.csproj", "{ADDB1447-CD3C-4130-8F6D-A1444CF50B0E}"
EndProject
Project("{FAE04EC0-301F-11D3-BF4B-00C04F79EFBC}") = "eRestaurant.Requirements", "eRestaurant.Requirements\eRestaurant.Requirements.csproj", "{FC1112AC-355A-4A2E-A6FD-6AE0A4352946}"
EndProject
Global
	GlobalSection(SolutionConfigurationPlatforms) = preSolution
		Debug|Any CPU = Debug|Any CPU
		Release|Any CPU = Release|Any CPU
	EndGlobalSection
	GlobalSection(ProjectConfigurationPlatforms) = postSolution
		{FA414F07-3774-4C12-B00D-9945A0B5ED5C}.Debug|Any CPU.ActiveCfg = Debug|Any CPU
		{FA414F07-3774-4C12-B00D-9945A0B5ED5C}.Debug|Any CPU.Build.0 = Debug|Any CPU
		{FA414F07-3774-4C12-B00D-9945A0B5ED5C}.Release|Any CPU.ActiveCfg = Debug|Any CPU
		{FA414F07-3774-4C12-B00D-9945A0B5ED5C}.Release|Any CPU.Build.0 = Debug|Any CPU
		{ADDB1447-CD3C-4130-8F6D-A1444CF50B0E}.Debug|Any CPU.ActiveCfg = Debug|Any CPU
		{ADDB1447-CD3C-4130-8F6D-A1444CF50B0E}.Debug|Any CPU.Build.0 = Debug|Any CPU
		{ADDB1447-CD3C-4130-8F6D-A1444CF50B0E}.Release|Any CPU.ActiveCfg = Release|Any CPU
		{ADDB1447-CD3C-4130-8F6D-A1444CF50B0E}.Release|Any CPU.Build.0 = Release|Any CPU
		{FC1112AC-355A-4A2E-A6FD-6AE0A4352946}.Debug|Any CPU.ActiveCfg = Debug|Any CPU
		{FC1112AC-355A-4A2E-A6FD-6AE0A4352946}.Debug|Any CPU.Build.0 = Debug|Any CPU
		{FC1112AC-355A-4A2E-A6FD-6AE0A4352946}.Release|Any CPU.ActiveCfg = Release|Any CPU
		{FC1112AC-355A-4A2E-A6FD-6AE0A4352946}.Release|Any CPU.Build.0 = Release|Any CPU
	EndGlobalSection
	GlobalSection(SolutionProperties) = preSolution
		HideSolutionNode = FALSE
	EndGlobalSection
EndGlobal
